{
  "name": "javascript_2-homework_3-1",
  "version": "1.0.0",
  "lockfileVersion": 3,
  "requires": true,
  "packages": {
    "": {
      "name": "javascript_2-homework_3-1",
      "version": "1.0.0",
      "license": "ISC",
      "devDependencies": {
        "@aleksandrpetrov89/ajs": "^1.0.5"
      }
    },
    "node_modules/@aleksandrpetrov89/ajs": {
      "version": "1.0.5",
      "resolved": "https://npm.pkg.github.com/download/@aleksandrpetrov89/ajs/1.0.5/2535ec7a0a4add6b643ad5c840af4f1a3f0f2f9c",
      "integrity": "sha512-nek/pOqRJ0dvzOne6q8Etfdf0nGRJqHfdyp3C1WxUbfMiAuRwOTs1dSsdLLMTADY6llyMv9Sj8otn1tC9dHf+g==",
      "dev": true,
      "license": "ISC"
    }
  }
}
