{
  "name": "javascript_2-homework_3-1",
  "version": "1.0.0",
  "lockfileVersion": 3,
  "requires": true,
  "packages": {
    "": {
      "name": "javascript_2-homework_3-1",
      "version": "1.0.0",
      "license": "ISC",
      "devDependencies": {
        "@aleksandrpetrov89/ajs": "^1.0.0"
      }
    },
    "node_modules/@aleksandrpetrov89/ajs": {
      "version": "1.0.0",
      "resolved": "https://npm.pkg.github.com/download/@aleksandrpetrov89/ajs/1.0.0/10f1755da5ac5e5608812929eea1f5253e1be218",
      "integrity": "sha512-ydJBHQy8fKKro9klxIbkK+Xm2dciNjhGAAjmPQjjuruND522h8z5QgDiHvh4x/9uVnR2jmQ0TNtD0cor1OGxuQ==",
      "dev": true,
      "license": "ISC"
    }
  }
}
