{
  "name": "javascript_2-homework_3-1",
  "version": "1.0.0",
  "lockfileVersion": 3,
  "requires": true,
  "packages": {
    "": {
      "name": "javascript_2-homework_3-1",
      "version": "1.0.0",
      "license": "ISC",
      "devDependencies": {
        "@aleksandrpetrov89/ajs": "^1.1.0"
      }
    },
    "node_modules/@aleksandrpetrov89/ajs": {
      "version": "1.1.0",
      "resolved": "https://npm.pkg.github.com/download/@aleksandrpetrov89/ajs/1.1.0/d242826e4c9859d05304ff654fe2327ec1f7b6bc",
      "integrity": "sha512-H7y+jFHxam5lWn2JF+g9vCfHEsnVDUX2ZLOEyBiwF/RqeXz15IDGOCayELK0otO73NGS+GR7jej/cN5aCoRDyA==",
      "dev": true,
      "license": "ISC"
    }
  }
}
